
Microsoft Visual Studio Solution File, Format Version 12.00
# Visual Studio Version 17
VisualStudioVersion = 17.6.33723.286
MinimumVisualStudioVersion = 10.0.40219.1
Project("{FAE04EC0-301F-11D3-BF4B-00C04F79EFBC}") = "ejercicio4_3", "ejercicio4_3\ejercicio4_3.csproj", "{D882318A-FEFA-4D76-AFA5-1AF636B7177A}"
EndProject
Global
	GlobalSection(SolutionConfigurationPlatforms) = preSolution
		Debug|Any CPU = Debug|Any CPU
		Release|Any CPU = Release|Any CPU
	EndGlobalSection
	GlobalSection(ProjectConfigurationPlatforms) = postSolution
		{D882318A-FEFA-4D76-AFA5-1AF636B7177A}.Debug|Any CPU.ActiveCfg = Debug|Any CPU
		{D882318A-FEFA-4D76-AFA5-1AF636B7177A}.Debug|Any CPU.Build.0 = Debug|Any CPU
		{D882318A-FEFA-4D76-AFA5-1AF636B7177A}.Release|Any CPU.ActiveCfg = Release|Any CPU
		{D882318A-FEFA-4D76-AFA5-1AF636B7177A}.Release|Any CPU.Build.0 = Release|Any CPU
	EndGlobalSection
	GlobalSection(SolutionProperties) = preSolution
		HideSolutionNode = FALSE
	EndGlobalSection
	GlobalSection(ExtensibilityGlobals) = postSolution
		SolutionGuid = {439D62C4-9A97-46B3-B231-936FB7051198}
	EndGlobalSection
EndGlobal
